
Microsoft Visual Studio Solution File, Format Version 12.00
# Visual Studio Version 17
VisualStudioVersion = 17.12.35506.116 d17.12
MinimumVisualStudioVersion = 10.0.40219.1
Project("{FAE04EC0-301F-11D3-BF4B-00C04F79EFBC}") = "Nager.MailAuth", "Nager.MailAuth\Nager.MailAuth.csproj", "{FF1CF430-2ED7-4981-9B93-12A4625FBF2E}"
EndProject
Global
	GlobalSection(SolutionConfigurationPlatforms) = preSolution
		Debug|Any CPU = Debug|Any CPU
		Release|Any CPU = Release|Any CPU
	EndGlobalSection
	GlobalSection(ProjectConfigurationPlatforms) = postSolution
		{FF1CF430-2ED7-4981-9B93-12A4625FBF2E}.Debug|Any CPU.ActiveCfg = Debug|Any CPU
		{FF1CF430-2ED7-4981-9B93-12A4625FBF2E}.Debug|Any CPU.Build.0 = Debug|Any CPU
		{FF1CF430-2ED7-4981-9B93-12A4625FBF2E}.Release|Any CPU.ActiveCfg = Release|Any CPU
		{FF1CF430-2ED7-4981-9B93-12A4625FBF2E}.Release|Any CPU.Build.0 = Release|Any CPU
	EndGlobalSection
	GlobalSection(SolutionProperties) = preSolution
		HideSolutionNode = FALSE
	EndGlobalSection
EndGlobal
